
Microsoft Visual Studio Solution File, Format Version 12.00
# Visual Studio Version 16
VisualStudioVersion = 25.0.1703.3
MinimumVisualStudioVersion = 10.0.40219.1
Project("{FAE04EC0-301F-11D3-BF4B-00C04F79EFBC}") = "03.New_house", "03.New_house\03.New_house.csproj", "{06985997-AB62-449E-BEF2-48F08F669E8A}"
EndProject
Global
	GlobalSection(SolutionConfigurationPlatforms) = preSolution
		Debug|Any CPU = Debug|Any CPU
		Release|Any CPU = Release|Any CPU
	EndGlobalSection
	GlobalSection(ProjectConfigurationPlatforms) = postSolution
		{06985997-AB62-449E-BEF2-48F08F669E8A}.Debug|Any CPU.ActiveCfg = Debug|Any CPU
		{06985997-AB62-449E-BEF2-48F08F669E8A}.Debug|Any CPU.Build.0 = Debug|Any CPU
		{06985997-AB62-449E-BEF2-48F08F669E8A}.Release|Any CPU.ActiveCfg = Release|Any CPU
		{06985997-AB62-449E-BEF2-48F08F669E8A}.Release|Any CPU.Build.0 = Release|Any CPU
	EndGlobalSection
	GlobalSection(SolutionProperties) = preSolution
		HideSolutionNode = FALSE
	EndGlobalSection
	GlobalSection(ExtensibilityGlobals) = postSolution
		SolutionGuid = {25CAA213-15DB-40EB-B6E3-9C00C0F6423A}
	EndGlobalSection
EndGlobal
